
Microsoft Visual Studio Solution File, Format Version 12.00
Project("{FAE04EC0-301F-11D3-BF4B-00C04F79EFBC}") = "ConsoleApplication", "ConsoleApplication\ConsoleApplication.csproj", "{202E706F-38E1-4ACD-A9E5-28330FF19931}"
EndProject
Project("{FAE04EC0-301F-11D3-BF4B-00C04F79EFBC}") = "Domain", "Domain\Domain.csproj", "{C7389596-B352-4C63-AF5E-E6DDEA452767}"
EndProject
Project("{FAE04EC0-301F-11D3-BF4B-00C04F79EFBC}") = "WebApplication", "WebApplication\WebApplication.csproj", "{4231A888-610A-40CC-A04C-08CCC52AC944}"
EndProject
Project("{FAE04EC0-301F-11D3-BF4B-00C04F79EFBC}") = "DataAccess", "DataAccess\DataAccess.csproj", "{C17AFC67-A811-480A-B875-7808689F4CC4}"
EndProject
Project("{FAE04EC0-301F-11D3-BF4B-00C04F79EFBC}") = "Models", "Models\Models.csproj", "{DD7C72B6-DA54-44B2-995F-86C8F0366DD2}"
EndProject
Global
	GlobalSection(SolutionConfigurationPlatforms) = preSolution
		Debug|Any CPU = Debug|Any CPU
		Release|Any CPU = Release|Any CPU
	EndGlobalSection
	GlobalSection(ProjectConfigurationPlatforms) = postSolution
		{202E706F-38E1-4ACD-A9E5-28330FF19931}.Debug|Any CPU.ActiveCfg = Debug|Any CPU
		{202E706F-38E1-4ACD-A9E5-28330FF19931}.Debug|Any CPU.Build.0 = Debug|Any CPU
		{202E706F-38E1-4ACD-A9E5-28330FF19931}.Release|Any CPU.ActiveCfg = Release|Any CPU
		{202E706F-38E1-4ACD-A9E5-28330FF19931}.Release|Any CPU.Build.0 = Release|Any CPU
		{C7389596-B352-4C63-AF5E-E6DDEA452767}.Debug|Any CPU.ActiveCfg = Debug|Any CPU
		{C7389596-B352-4C63-AF5E-E6DDEA452767}.Debug|Any CPU.Build.0 = Debug|Any CPU
		{C7389596-B352-4C63-AF5E-E6DDEA452767}.Release|Any CPU.ActiveCfg = Release|Any CPU
		{C7389596-B352-4C63-AF5E-E6DDEA452767}.Release|Any CPU.Build.0 = Release|Any CPU
		{4231A888-610A-40CC-A04C-08CCC52AC944}.Debug|Any CPU.ActiveCfg = Debug|Any CPU
		{4231A888-610A-40CC-A04C-08CCC52AC944}.Debug|Any CPU.Build.0 = Debug|Any CPU
		{4231A888-610A-40CC-A04C-08CCC52AC944}.Release|Any CPU.ActiveCfg = Release|Any CPU
		{4231A888-610A-40CC-A04C-08CCC52AC944}.Release|Any CPU.Build.0 = Release|Any CPU
		{C17AFC67-A811-480A-B875-7808689F4CC4}.Debug|Any CPU.ActiveCfg = Debug|Any CPU
		{C17AFC67-A811-480A-B875-7808689F4CC4}.Debug|Any CPU.Build.0 = Debug|Any CPU
		{C17AFC67-A811-480A-B875-7808689F4CC4}.Release|Any CPU.ActiveCfg = Release|Any CPU
		{C17AFC67-A811-480A-B875-7808689F4CC4}.Release|Any CPU.Build.0 = Release|Any CPU
		{DD7C72B6-DA54-44B2-995F-86C8F0366DD2}.Debug|Any CPU.ActiveCfg = Debug|Any CPU
		{DD7C72B6-DA54-44B2-995F-86C8F0366DD2}.Debug|Any CPU.Build.0 = Debug|Any CPU
		{DD7C72B6-DA54-44B2-995F-86C8F0366DD2}.Release|Any CPU.ActiveCfg = Release|Any CPU
		{DD7C72B6-DA54-44B2-995F-86C8F0366DD2}.Release|Any CPU.Build.0 = Release|Any CPU
	EndGlobalSection
EndGlobal
