
Microsoft Visual Studio Solution File, Format Version 12.00
Project("{FAE04EC0-301F-11D3-BF4B-00C04F79EFBC}") = "Homework2.ProductService.Api", "Homework2.ProductService.Api\Homework2.ProductService.Api.csproj", "{C2C4794E-641A-4DF3-88C3-03C7A7FFAE24}"
EndProject
Project("{FAE04EC0-301F-11D3-BF4B-00C04F79EFBC}") = "Homework2.ProductService.Domain", "Homework2.ProductService.Domain\Homework2.ProductService.Domain.csproj", "{1FA708C9-23BF-49AA-A82C-60FB71BBAD37}"
EndProject
Project("{FAE04EC0-301F-11D3-BF4B-00C04F79EFBC}") = "Homework2.ProductService.Infrastructure", "Homework2.ProductService.Infrastructure\Homework2.ProductService.Infrastructure.csproj", "{3264BC36-5CA2-45AD-8A06-E6D2ECB76B57}"
EndProject
Global
	GlobalSection(SolutionConfigurationPlatforms) = preSolution
		Debug|Any CPU = Debug|Any CPU
		Release|Any CPU = Release|Any CPU
	EndGlobalSection
	GlobalSection(ProjectConfigurationPlatforms) = postSolution
		{C2C4794E-641A-4DF3-88C3-03C7A7FFAE24}.Debug|Any CPU.ActiveCfg = Debug|Any CPU
		{C2C4794E-641A-4DF3-88C3-03C7A7FFAE24}.Debug|Any CPU.Build.0 = Debug|Any CPU
		{C2C4794E-641A-4DF3-88C3-03C7A7FFAE24}.Release|Any CPU.ActiveCfg = Release|Any CPU
		{C2C4794E-641A-4DF3-88C3-03C7A7FFAE24}.Release|Any CPU.Build.0 = Release|Any CPU
		{1FA708C9-23BF-49AA-A82C-60FB71BBAD37}.Debug|Any CPU.ActiveCfg = Debug|Any CPU
		{1FA708C9-23BF-49AA-A82C-60FB71BBAD37}.Debug|Any CPU.Build.0 = Debug|Any CPU
		{1FA708C9-23BF-49AA-A82C-60FB71BBAD37}.Release|Any CPU.ActiveCfg = Release|Any CPU
		{1FA708C9-23BF-49AA-A82C-60FB71BBAD37}.Release|Any CPU.Build.0 = Release|Any CPU
		{3264BC36-5CA2-45AD-8A06-E6D2ECB76B57}.Debug|Any CPU.ActiveCfg = Debug|Any CPU
		{3264BC36-5CA2-45AD-8A06-E6D2ECB76B57}.Debug|Any CPU.Build.0 = Debug|Any CPU
		{3264BC36-5CA2-45AD-8A06-E6D2ECB76B57}.Release|Any CPU.ActiveCfg = Release|Any CPU
		{3264BC36-5CA2-45AD-8A06-E6D2ECB76B57}.Release|Any CPU.Build.0 = Release|Any CPU
	EndGlobalSection
EndGlobal
